
Microsoft Visual Studio Solution File, Format Version 12.00
# Visual Studio Version 17
VisualStudioVersion = 17.3.32929.385
MinimumVisualStudioVersion = 10.0.40219.1
Project("{FAE04EC0-301F-11D3-BF4B-00C04F79EFBC}") = "Loupay_Application", "Loupay_Application\Loupay_Application.csproj", "{D8B29007-DC2A-495B-9B88-7C917BB8C2A5}"
EndProject
Project("{FAE04EC0-301F-11D3-BF4B-00C04F79EFBC}") = "BaseForms", "BaseForms\BaseForms.csproj", "{F9A2213E-6EFD-49F9-91B2-49284AFCE68C}"
EndProject
Project("{FAE04EC0-301F-11D3-BF4B-00C04F79EFBC}") = "Loupay_Service", "Loupay_Service\Loupay_Service.csproj", "{FE2015AD-A036-4B25-A9C7-98D8F900383A}"
EndProject
Global
	GlobalSection(SolutionConfigurationPlatforms) = preSolution
		Debug|Any CPU = Debug|Any CPU
		Release|Any CPU = Release|Any CPU
	EndGlobalSection
	GlobalSection(ProjectConfigurationPlatforms) = postSolution
		{D8B29007-DC2A-495B-9B88-7C917BB8C2A5}.Debug|Any CPU.ActiveCfg = Debug|Any CPU
		{D8B29007-DC2A-495B-9B88-7C917BB8C2A5}.Debug|Any CPU.Build.0 = Debug|Any CPU
		{D8B29007-DC2A-495B-9B88-7C917BB8C2A5}.Release|Any CPU.ActiveCfg = Release|Any CPU
		{D8B29007-DC2A-495B-9B88-7C917BB8C2A5}.Release|Any CPU.Build.0 = Release|Any CPU
		{F9A2213E-6EFD-49F9-91B2-49284AFCE68C}.Debug|Any CPU.ActiveCfg = Debug|Any CPU
		{F9A2213E-6EFD-49F9-91B2-49284AFCE68C}.Debug|Any CPU.Build.0 = Debug|Any CPU
		{F9A2213E-6EFD-49F9-91B2-49284AFCE68C}.Release|Any CPU.ActiveCfg = Release|Any CPU
		{F9A2213E-6EFD-49F9-91B2-49284AFCE68C}.Release|Any CPU.Build.0 = Release|Any CPU
		{FE2015AD-A036-4B25-A9C7-98D8F900383A}.Debug|Any CPU.ActiveCfg = Debug|Any CPU
		{FE2015AD-A036-4B25-A9C7-98D8F900383A}.Debug|Any CPU.Build.0 = Debug|Any CPU
		{FE2015AD-A036-4B25-A9C7-98D8F900383A}.Release|Any CPU.ActiveCfg = Release|Any CPU
		{FE2015AD-A036-4B25-A9C7-98D8F900383A}.Release|Any CPU.Build.0 = Release|Any CPU
	EndGlobalSection
	GlobalSection(SolutionProperties) = preSolution
		HideSolutionNode = FALSE
	EndGlobalSection
	GlobalSection(ExtensibilityGlobals) = postSolution
		SolutionGuid = {3979F901-4CE7-499C-B26B-FBA03ADD6F36}
	EndGlobalSection
EndGlobal
